
Microsoft Visual Studio Solution File, Format Version 12.00
# Visual Studio 15
VisualStudioVersion = 15.0.27703.2042
MinimumVisualStudioVersion = 10.0.40219.1
Project("{FAE04EC0-301F-11D3-BF4B-00C04F79EFBC}") = "WillCorp.Core", "WillCorp.Core\WillCorp.Core.csproj", "{70B07673-B6E0-42EC-AF66-DF339562312A}"
EndProject
Project("{FAE04EC0-301F-11D3-BF4B-00C04F79EFBC}") = "WillCorp.Services.Configuration", "WillCorp.Services.Configuration\WillCorp.Services.Configuration.csproj", "{3218F4E1-7759-45DB-8F1F-9EB8B60BA6E2}"
EndProject
Project("{FAE04EC0-301F-11D3-BF4B-00C04F79EFBC}") = "WillCorp.Services.Logging", "WillCorp.Services.Logging\WillCorp.Services.Logging.csproj", "{95ED9782-15F8-4E3B-834B-802A6668CC7B}"
EndProject
Project("{FAE04EC0-301F-11D3-BF4B-00C04F79EFBC}") = "WillCorp.Services.Smtp", "WillCorp.Services.Smtp\WillCorp.Services.Smtp.csproj", "{40F5F346-D274-4C95-B20F-E714ABBB9D5F}"
EndProject
Project("{FAE04EC0-301F-11D3-BF4B-00C04F79EFBC}") = "WillCorp.HostService", "WillCorp.HostService\WillCorp.HostService.csproj", "{D8B5AEA5-9455-4F0E-9E33-F127E2635525}"
EndProject
Project("{2150E333-8FDC-42A3-9474-1A3956D46DE8}") = "Plugins", "Plugins", "{E911AA3A-E717-4A5E-8C1D-5466333F427D}"
EndProject
Project("{2150E333-8FDC-42A3-9474-1A3956D46DE8}") = "Common", "Common", "{EC02E4D8-C1C3-46D0-981F-F52A39078A6C}"
EndProject
Project("{2150E333-8FDC-42A3-9474-1A3956D46DE8}") = "Services", "Services", "{DCF70D49-45EC-4F55-8E10-F8AB648EDF9C}"
EndProject
Project("{2150E333-8FDC-42A3-9474-1A3956D46DE8}") = "Modules", "Modules", "{35929675-8A04-4D4F-A825-84A4FC746709}"
EndProject
Project("{FAE04EC0-301F-11D3-BF4B-00C04F79EFBC}") = "WillCorp.App.Scheduler", "WillCorp.App.Scheduler\WillCorp.App.Scheduler.csproj", "{3E9B8865-D768-4B7D-84DF-CCDB91A98B8F}"
EndProject
Project("{FAE04EC0-301F-11D3-BF4B-00C04F79EFBC}") = "WillCorp.Services.Scheduling", "WillCorp.Services.Scheduling\WillCorp.Services.Scheduling.csproj", "{419F297A-8E4B-414C-B250-2CD275F365D4}"
EndProject
Project("{FAE04EC0-301F-11D3-BF4B-00C04F79EFBC}") = "WillCorp.App.Importer", "WillCorp.App.Importer\WillCorp.App.Importer.csproj", "{B8AB120B-FB69-4BBE-AD55-EE804EACC2FD}"
EndProject
Project("{FAE04EC0-301F-11D3-BF4B-00C04F79EFBC}") = "WillCorp.App.Web", "WillCorp.App.Web\WillCorp.App.Web.csproj", "{9809246D-90B4-4F4F-95C6-0378B9E789C9}"
EndProject
Project("{FAE04EC0-301F-11D3-BF4B-00C04F79EFBC}") = "WillCorp.Services.FileSystem", "WillCorp.Services.FileSystem\WillCorp.Services.FileSystem.csproj", "{9404C0C3-430F-4179-A75B-535E6E6710C2}"
EndProject
Global
	GlobalSection(SolutionConfigurationPlatforms) = preSolution
		Debug|Any CPU = Debug|Any CPU
		Release|Any CPU = Release|Any CPU
	EndGlobalSection
	GlobalSection(ProjectConfigurationPlatforms) = postSolution
		{70B07673-B6E0-42EC-AF66-DF339562312A}.Debug|Any CPU.ActiveCfg = Debug|Any CPU
		{70B07673-B6E0-42EC-AF66-DF339562312A}.Debug|Any CPU.Build.0 = Debug|Any CPU
		{70B07673-B6E0-42EC-AF66-DF339562312A}.Release|Any CPU.ActiveCfg = Release|Any CPU
		{70B07673-B6E0-42EC-AF66-DF339562312A}.Release|Any CPU.Build.0 = Release|Any CPU
		{3218F4E1-7759-45DB-8F1F-9EB8B60BA6E2}.Debug|Any CPU.ActiveCfg = Debug|Any CPU
		{3218F4E1-7759-45DB-8F1F-9EB8B60BA6E2}.Debug|Any CPU.Build.0 = Debug|Any CPU
		{3218F4E1-7759-45DB-8F1F-9EB8B60BA6E2}.Release|Any CPU.ActiveCfg = Release|Any CPU
		{3218F4E1-7759-45DB-8F1F-9EB8B60BA6E2}.Release|Any CPU.Build.0 = Release|Any CPU
		{95ED9782-15F8-4E3B-834B-802A6668CC7B}.Debug|Any CPU.ActiveCfg = Debug|Any CPU
		{95ED9782-15F8-4E3B-834B-802A6668CC7B}.Debug|Any CPU.Build.0 = Debug|Any CPU
		{95ED9782-15F8-4E3B-834B-802A6668CC7B}.Release|Any CPU.ActiveCfg = Release|Any CPU
		{95ED9782-15F8-4E3B-834B-802A6668CC7B}.Release|Any CPU.Build.0 = Release|Any CPU
		{40F5F346-D274-4C95-B20F-E714ABBB9D5F}.Debug|Any CPU.ActiveCfg = Debug|Any CPU
		{40F5F346-D274-4C95-B20F-E714ABBB9D5F}.Debug|Any CPU.Build.0 = Debug|Any CPU
		{40F5F346-D274-4C95-B20F-E714ABBB9D5F}.Release|Any CPU.ActiveCfg = Release|Any CPU
		{40F5F346-D274-4C95-B20F-E714ABBB9D5F}.Release|Any CPU.Build.0 = Release|Any CPU
		{D8B5AEA5-9455-4F0E-9E33-F127E2635525}.Debug|Any CPU.ActiveCfg = Debug|Any CPU
		{D8B5AEA5-9455-4F0E-9E33-F127E2635525}.Debug|Any CPU.Build.0 = Debug|Any CPU
		{D8B5AEA5-9455-4F0E-9E33-F127E2635525}.Release|Any CPU.ActiveCfg = Release|Any CPU
		{D8B5AEA5-9455-4F0E-9E33-F127E2635525}.Release|Any CPU.Build.0 = Release|Any CPU
		{3E9B8865-D768-4B7D-84DF-CCDB91A98B8F}.Debug|Any CPU.ActiveCfg = Debug|Any CPU
		{3E9B8865-D768-4B7D-84DF-CCDB91A98B8F}.Debug|Any CPU.Build.0 = Debug|Any CPU
		{3E9B8865-D768-4B7D-84DF-CCDB91A98B8F}.Release|Any CPU.ActiveCfg = Release|Any CPU
		{3E9B8865-D768-4B7D-84DF-CCDB91A98B8F}.Release|Any CPU.Build.0 = Release|Any CPU
		{419F297A-8E4B-414C-B250-2CD275F365D4}.Debug|Any CPU.ActiveCfg = Debug|Any CPU
		{419F297A-8E4B-414C-B250-2CD275F365D4}.Debug|Any CPU.Build.0 = Debug|Any CPU
		{419F297A-8E4B-414C-B250-2CD275F365D4}.Release|Any CPU.ActiveCfg = Release|Any CPU
		{419F297A-8E4B-414C-B250-2CD275F365D4}.Release|Any CPU.Build.0 = Release|Any CPU
		{B8AB120B-FB69-4BBE-AD55-EE804EACC2FD}.Debug|Any CPU.ActiveCfg = Debug|Any CPU
		{B8AB120B-FB69-4BBE-AD55-EE804EACC2FD}.Debug|Any CPU.Build.0 = Debug|Any CPU
		{B8AB120B-FB69-4BBE-AD55-EE804EACC2FD}.Release|Any CPU.ActiveCfg = Release|Any CPU
		{B8AB120B-FB69-4BBE-AD55-EE804EACC2FD}.Release|Any CPU.Build.0 = Release|Any CPU
		{9809246D-90B4-4F4F-95C6-0378B9E789C9}.Debug|Any CPU.ActiveCfg = Debug|Any CPU
		{9809246D-90B4-4F4F-95C6-0378B9E789C9}.Debug|Any CPU.Build.0 = Debug|Any CPU
		{9809246D-90B4-4F4F-95C6-0378B9E789C9}.Release|Any CPU.ActiveCfg = Release|Any CPU
		{9809246D-90B4-4F4F-95C6-0378B9E789C9}.Release|Any CPU.Build.0 = Release|Any CPU
		{9404C0C3-430F-4179-A75B-535E6E6710C2}.Debug|Any CPU.ActiveCfg = Debug|Any CPU
		{9404C0C3-430F-4179-A75B-535E6E6710C2}.Debug|Any CPU.Build.0 = Debug|Any CPU
		{9404C0C3-430F-4179-A75B-535E6E6710C2}.Release|Any CPU.ActiveCfg = Release|Any CPU
		{9404C0C3-430F-4179-A75B-535E6E6710C2}.Release|Any CPU.Build.0 = Release|Any CPU
	EndGlobalSection
	GlobalSection(SolutionProperties) = preSolution
		HideSolutionNode = FALSE
	EndGlobalSection
	GlobalSection(NestedProjects) = preSolution
		{70B07673-B6E0-42EC-AF66-DF339562312A} = {EC02E4D8-C1C3-46D0-981F-F52A39078A6C}
		{3218F4E1-7759-45DB-8F1F-9EB8B60BA6E2} = {DCF70D49-45EC-4F55-8E10-F8AB648EDF9C}
		{95ED9782-15F8-4E3B-834B-802A6668CC7B} = {DCF70D49-45EC-4F55-8E10-F8AB648EDF9C}
		{40F5F346-D274-4C95-B20F-E714ABBB9D5F} = {DCF70D49-45EC-4F55-8E10-F8AB648EDF9C}
		{DCF70D49-45EC-4F55-8E10-F8AB648EDF9C} = {E911AA3A-E717-4A5E-8C1D-5466333F427D}
		{35929675-8A04-4D4F-A825-84A4FC746709} = {E911AA3A-E717-4A5E-8C1D-5466333F427D}
		{3E9B8865-D768-4B7D-84DF-CCDB91A98B8F} = {35929675-8A04-4D4F-A825-84A4FC746709}
		{419F297A-8E4B-414C-B250-2CD275F365D4} = {DCF70D49-45EC-4F55-8E10-F8AB648EDF9C}
		{B8AB120B-FB69-4BBE-AD55-EE804EACC2FD} = {35929675-8A04-4D4F-A825-84A4FC746709}
		{9809246D-90B4-4F4F-95C6-0378B9E789C9} = {35929675-8A04-4D4F-A825-84A4FC746709}
		{9404C0C3-430F-4179-A75B-535E6E6710C2} = {DCF70D49-45EC-4F55-8E10-F8AB648EDF9C}
	EndGlobalSection
	GlobalSection(ExtensibilityGlobals) = postSolution
		SolutionGuid = {BCB6B99B-33F9-431B-8A2E-AC38321656FB}
	EndGlobalSection
EndGlobal
